// !$*UTF8*$!
{
	archiveVersion = 1;
	classes = {
	};
	objectVersion = 46;
	objects = {

/* Begin PBXBuildFile section */
		1C276C7B1E6A9E8C00564017 /* main.m in Sources */ = {isa = PBXBuildFile; fileRef = 1C276C7A1E6A9E8C00564017 /* main.m */; };
		1C276C7E1E6A9E8C00564017 /* AppDelegate.m in Sources */ = {isa = PBXBuildFile; fileRef = 1C276C7D1E6A9E8C00564017 /* AppDelegate.m */; };
		1C276C811E6A9E8C00564017 /* ViewController.m in Sources */ = {isa = PBXBuildFile; fileRef = 1C276C801E6A9E8C00564017 /* ViewController.m */; };
		1C276C861E6A9E8C00564017 /* Assets.xcassets in Resources */ = {isa = PBXBuildFile; fileRef = 1C276C851E6A9E8C00564017 /* Assets.xcassets */; };
		1C276C891E6A9E8C00564017 /* LaunchScreen.storyboard in Resources */ = {isa = PBXBuildFile; fileRef = 1C276C871E6A9E8C00564017 /* LaunchScreen.storyboard */; };
		1C276C911E6A9ED000564017 /* NewMovieData.plist in Resources */ = {isa = PBXBuildFile; fileRef = 1C276C901E6A9ED000564017 /* NewMovieData.plist */; };
		1C276C931E6A9EDB00564017 /* MovieData.plist in Resources */ = {isa = PBXBuildFile; fileRef = 1C276C921E6A9EDB00564017 /* MovieData.plist */; };
		1C276C961E6A9EEB00564017 /* AddViewController.m in Sources */ = {isa = PBXBuildFile; fileRef = 1C276C951E6A9EEB00564017 /* AddViewController.m */; };
/* End PBXBuildFile section */

/* Begin PBXFileReference section */
		1C276C761E6A9E8C00564017 /* OptimizeTableView.app */ = {isa = PBXFileReference; explicitFileType = wrapper.application; includeInIndex = 0; path = OptimizeTableView.app; sourceTree = BUILT_PRODUCTS_DIR; };
		1C276C7A1E6A9E8C00564017 /* main.m */ = {isa = PBXFileReference; lastKnownFileType = sourcecode.c.objc; path = main.m; sourceTree = "<group>"; };
		1C276C7C1E6A9E8C00564017 /* AppDelegate.h */ = {isa = PBXFileReference; lastKnownFileType = sourcecode.c.h; path = AppDelegate.h; sourceTree = "<group>"; };
		1C276C7D1E6A9E8C00564017 /* AppDelegate.m */ = {isa = PBXFileReference; lastKnownFileType = sourcecode.c.objc; path = AppDelegate.m; sourceTree = "<group>"; };
		1C276C7F1E6A9E8C00564017 /* ViewController.h */ = {isa = PBXFileReference; lastKnownFileType = sourcecode.c.h; path = ViewController.h; sourceTree = "<group>"; };
		1C276C801E6A9E8C00564017 /* ViewController.m */ = {isa = PBXFileReference; lastKnownFileType = sourcecode.c.objc; path = ViewController.m; sourceTree = "<group>"; };
		1C276C851E6A9E8C00564017 /* Assets.xcassets */ = {isa = PBXFileReference; lastKnownFileType = folder.assetcatalog; path = Assets.xcassets; sourceTree = "<group>"; };
		1C276C881E6A9E8C00564017 /* Base */ = {isa = PBXFileReference; lastKnownFileType = file.storyboard; name = Base; path = Base.lproj/LaunchScreen.storyboard; sourceTree = "<group>"; };
		1C276C8A1E6A9E8C00564017 /* Info.plist */ = {isa = PBXFileReference; lastKnownFileType = text.plist.xml; path = Info.plist; sourceTree = "<group>"; };
		1C276C901E6A9ED000564017 /* NewMovieData.plist */ = {isa = PBXFileReference; fileEncoding = 4; lastKnownFileType = text.plist.xml; path = NewMovieData.plist; sourceTree = "<group>"; };
		1C276C921E6A9EDB00564017 /* MovieData.plist */ = {isa = PBXFileReference; fileEncoding = 4; lastKnownFileType = text.plist.xml; path = MovieData.plist; sourceTree = "<group>"; };
		1C276C941E6A9EEB00564017 /* AddViewController.h */ = {isa = PBXFileReference; fileEncoding = 4; lastKnownFileType = sourcecode.c.h; path = AddViewController.h; sourceTree = "<group>"; };
		1C276C951E6A9EEB00564017 /* AddViewController.m */ = {isa = PBXFileReference; fileEncoding = 4; lastKnownFileType = sourcecode.c.objc; path = AddViewController.m; sourceTree = "<group>"; };
/* End PBXFileReference section */

/* Begin PBXFrameworksBuildPhase section */
		1C276C731E6A9E8C00564017 /* Frameworks */ = {
			isa = PBXFrameworksBuildPhase;
			buildActionMask = 2147483647;
			files = (
			);
			runOnlyForDeploymentPostprocessing = 0;
		};
/* End PBXFrameworksBuildPhase section */

/* Begin PBXGroup section */
		1C276C6D1E6A9E8C00564017 = {
			isa = PBXGroup;
			children = (
				1C276C781E6A9E8C00564017 /* OptimizeTableView */,
				1C276C771E6A9E8C00564017 /* Products */,
			);
			sourceTree = "<group>";
		};
		1C276C771E6A9E8C00564017 /* Products */ = {
			isa = PBXGroup;
			children = (
				1C276C761E6A9E8C00564017 /* OptimizeTableView.app */,
			);
			name = Products;
			sourceTree = "<group>";
		};
		1C276C781E6A9E8C00564017 /* OptimizeTableView */ = {
			isa = PBXGroup;
			children = (
				1C276C921E6A9EDB00564017 /* MovieData.plist */,
				1C276C901E6A9ED000564017 /* NewMovieData.plist */,
				1C276C7C1E6A9E8C00564017 /* AppDelegate.h */,
				1C276C7D1E6A9E8C00564017 /* AppDelegate.m */,
				1C276C7F1E6A9E8C00564017 /* ViewController.h */,
				1C276C801E6A9E8C00564017 /* ViewController.m */,
				1C276C851E6A9E8C00564017 /* Assets.xcassets */,
				1C276C871E6A9E8C00564017 /* LaunchScreen.storyboard */,
				1C276C8A1E6A9E8C00564017 /* Info.plist */,
				1C276C791E6A9E8C00564017 /* Supporting Files */,
				1C276C941E6A9EEB00564017 /* AddViewController.h */,
				1C276C951E6A9EEB00564017 /* AddViewController.m */,
			);
			path = OptimizeTableView;
			sourceTree = "<group>";
		};
		1C276C791E6A9E8C00564017 /* Supporting Files */ = {
			isa = PBXGroup;
			children = (
				1C276C7A1E6A9E8C00564017 /* main.m */,
			);
			name = "Supporting Files";
			sourceTree = "<group>";
		};
/* End PBXGroup section */

/* Begin PBXNativeTarget section */
		1C276C751E6A9E8C00564017 /* OptimizeTableView */ = {
			isa = PBXNativeTarget;
			buildConfigurationList = 1C276C8D1E6A9E8C00564017 /* Build configuration list for PBXNativeTarget "OptimizeTableView" */;
			buildPhases = (
				1C276C721E6A9E8C00564017 /* Sources */,
				1C276C731E6A9E8C00564017 /* Frameworks */,
				1C276C741E6A9E8C00564017 /* Resources */,
			);
			buildRules = (
			);
			dependencies = (
			);
			name = OptimizeTableView;
			productName = OptimizeTableView;
			productReference = 1C276C761E6A9E8C00564017 /* OptimizeTableView.app */;
			productType = "com.apple.product-type.application";
		};
/* End PBXNativeTarget section */

/* Begin PBXProject section */
		1C276C6E1E6A9E8C00564017 /* Project object */ = {
			isa = PBXProject;
			attributes = {
				LastUpgradeCheck = 0820;
				ORGANIZATIONNAME = Vic;
				TargetAttributes = {
					1C276C751E6A9E8C00564017 = {
						CreatedOnToolsVersion = 8.2.1;
						ProvisioningStyle = Automatic;
					};
				};
			};
			buildConfigurationList = 1C276C711E6A9E8C00564017 /* Build configuration list for PBXProject "OptimizeTableView" */;
			compatibilityVersion = "Xcode 3.2";
			developmentRegion = English;
			hasScannedForEncodings = 0;
			knownRegions = (
				en,
				Base,
			);
			mainGroup = 1C276C6D1E6A9E8C00564017;
			productRefGroup = 1C276C771E6A9E8C00564017 /* Products */;
			projectDirPath = "";
			projectRoot = "";
			targets = (
				1C276C751E6A9E8C00564017 /* OptimizeTableView */,
			);
		};
/* End PBXProject section */

/* Begin PBXResourcesBuildPhase section */
		1C276C741E6A9E8C00564017 /* Resources */ = {
			isa = PBXResourcesBuildPhase;
			buildActionMask = 2147483647;
			files = (
				1C276C911E6A9ED000564017 /* NewMovieData.plist in Resources */,
				1C276C891E6A9E8C00564017 /* LaunchScreen.storyboard in Resources */,
				1C276C861E6A9E8C00564017 /* Assets.xcassets in Resources */,
				1C276C931E6A9EDB00564017 /* MovieData.plist in Resources */,
			);
			runOnlyForDeploymentPostprocessing = 0;
		};
/* End PBXResourcesBuildPhase section */

/* Begin PBXSourcesBuildPhase section */
		1C276C721E6A9E8C00564017 /* Sources */ = {
			isa = PBXSourcesBuildPhase;
			buildActionMask = 2147483647;
			files = (
				1C276C811E6A9E8C00564017 /* ViewController.m in Sources */,
				1C276C7E1E6A9E8C00564017 /* AppDelegate.m in Sources */,
				1C276C961E6A9EEB00564017 /* AddViewController.m in Sources */,
				1C276C7B1E6A9E8C00564017 /* main.m in Sources */,
			);
			runOnlyForDeploymentPostprocessing = 0;
		};
/* End PBXSourcesBuildPhase section */

/* Begin PBXVariantGroup section */
		1C276C871E6A9E8C00564017 /* LaunchScreen.storyboard */ = {
			isa = PBXVariantGroup;
			children = (
				1C276C881E6A9E8C00564017 /* Base */,
			);
			name = LaunchScreen.storyboard;
			sourceTree = "<group>";
		};
/* End PBXVariantGroup section */

/* Begin XCBuildConfiguration section */
		1C276C8B1E6A9E8C00564017 /* Debug */ = {
			isa = XCBuildConfiguration;
			buildSettings = {
				ALWAYS_SEARCH_USER_PATHS = NO;
				CLANG_ANALYZER_NONNULL = YES;
				CLANG_CXX_LANGUAGE_STANDARD = "gnu++0x";
				CLANG_CXX_LIBRARY = "libc++";
				CLANG_ENABLE_MODULES = YES;
				CLANG_ENABLE_OBJC_ARC = YES;
				CLANG_WARN_BOOL_CONVERSION = YES;
				CLANG_WARN_CONSTANT_CONVERSION = YES;
				CLANG_WARN_DIRECT_OBJC_ISA_USAGE = YES_ERROR;
				CLANG_WARN_DOCUMENTATION_COMMENTS = YES;
				CLANG_WARN_EMPTY_BODY = YES;
				CLANG_WARN_ENUM_CONVERSION = YES;
				CLANG_WARN_INFINITE_RECURSION = YES;
				CLANG_WARN_INT_CONVERSION = YES;
				CLANG_WARN_OBJC_ROOT_CLASS = YES_ERROR;
				CLANG_WARN_SUSPICIOUS_MOVE = YES;
				CLANG_WARN_UNREACHABLE_CODE = YES;
				CLANG_WARN__DUPLICATE_METHOD_MATCH = YES;
				"CODE_SIGN_IDENTITY[sdk=iphoneos*]" = "iPhone Developer";
				COPY_PHASE_STRIP = NO;
				DEBUG_INFORMATION_FORMAT = dwarf;
				ENABLE_STRICT_OBJC_MSGSEND = YES;
				ENABLE_TESTABILITY = YES;
				GCC_C_LANGUAGE_STANDARD = gnu99;
				GCC_DYNAMIC_NO_PIC = NO;
				GCC_NO_COMMON_BLOCKS = YES;
				GCC_OPTIMIZATION_LEVEL = 0;
				GCC_PREPROCESSOR_DEFINITIONS = (
					"DEBUG=1",
					"$(inherited)",
				);
				GCC_WARN_64_TO_32_BIT_CONVERSION = YES;
				GCC_WARN_ABOUT_RETURN_TYPE = YES_ERROR;
				GCC_WARN_UNDECLARED_SELECTOR = YES;
				GCC_WARN_UNINITIALIZED_AUTOS = YES_AGGRESSIVE;
				GCC_WARN_UNUSED_FUNCTION = YES;
				GCC_WARN_UNUSED_VARIABLE = YES;
				IPHONEOS_DEPLOYMENT_TARGET = 10.2;
				MTL_ENABLE_DEBUG_INFO = YES;
				ONLY_ACTIVE_ARCH = YES;
				SDKROOT = iphoneos;
				TARGETED_DEVICE_FAMILY = "1,2";
			};
			name = Debug;
		};
		1C276C8C1E6A9E8C00564017 /* Release */ = {
			isa = XCBuildConfiguration;
			buildSettings = {
				ALWAYS_SEARCH_USER_PATHS = NO;
				CLANG_ANALYZER_NONNULL = YES;
				CLANG_CXX_LANGUAGE_STANDARD = "gnu++0x";
				CLANG_CXX_LIBRARY = "libc++";
				CLANG_ENABLE_MODULES = YES;
				CLANG_ENABLE_OBJC_ARC = YES;
				CLANG_WARN_BOOL_CONVERSION = YES;
				CLANG_WARN_CONSTANT_CONVERSION = YES;
				CLANG_WARN_DIRECT_OBJC_ISA_USAGE = YES_ERROR;
				CLANG_WARN_DOCUMENTATION_COMMENTS = YES;
				CLANG_WARN_EMPTY_BODY = YES;
				CLANG_WARN_ENUM_CONVERSION = YES;
				CLANG_WARN_INFINITE_RECURSION = YES;
				CLANG_WARN_INT_CONVERSION = YES;
				CLANG_WARN_OBJC_ROOT_CLASS = YES_ERROR;
				CLANG_WARN_SUSPICIOUS_MOVE = YES;
				CLANG_WARN_UNREACHABLE_CODE = YES;
				CLANG_WARN__DUPLICATE_METHOD_MATCH = YES;
				"CODE_SIGN_IDENTITY[sdk=iphoneos*]" = "iPhone Developer";
				COPY_PHASE_STRIP = NO;
				DEBUG_INFORMATION_FORMAT = "dwarf-with-dsym";
				ENABLE_NS_ASSERTIONS = NO;
				ENABLE_STRICT_OBJC_MSGSEND = YES;
				GCC_C_LANGUAGE_STANDARD = gnu99;
				GCC_NO_COMMON_BLOCKS = YES;
				GCC_WARN_64_TO_32_BIT_CONVERSION = YES;
				GCC_WARN_ABOUT_RETURN_TYPE = YES_ERROR;
				GCC_WARN_UNDECLARED_SELECTOR = YES;
				GCC_WARN_UNINITIALIZED_AUTOS = YES_AGGRESSIVE;
				GCC_WARN_UNUSED_FUNCTION = YES;
				GCC_WARN_UNUSED_VARIABLE = YES;
				IPHONEOS_DEPLOYMENT_TARGET = 10.2;
				MTL_ENABLE_DEBUG_INFO = NO;
				SDKROOT = iphoneos;
				TARGETED_DEVICE_FAMILY = "1,2";
				VALIDATE_PRODUCT = YES;
			};
			name = Release;
		};
		1C276C8E1E6A9E8C00564017 /* Debug */ = {
			isa = XCBuildConfiguration;
			buildSettings = {
				ASSETCATALOG_COMPILER_APPICON_NAME = AppIcon;
				INFOPLIST_FILE = OptimizeTableView/Info.plist;
				LD_RUNPATH_SEARCH_PATHS = "$(inherited) @executable_path/Frameworks";
				PRODUCT_BUNDLE_IDENTIFIER = com.Vic.OptimizeTableView;
				PRODUCT_NAME = "$(TARGET_NAME)";
			};
			name = Debug;
		};
		1C276C8F1E6A9E8C00564017 /* Release */ = {
			isa = XCBuildConfiguration;
			buildSettings = {
				ASSETCATALOG_COMPILER_APPICON_NAME = AppIcon;
				INFOPLIST_FILE = OptimizeTableView/Info.plist;
				LD_RUNPATH_SEARCH_PATHS = "$(inherited) @executable_path/Frameworks";
				PRODUCT_BUNDLE_IDENTIFIER = com.Vic.OptimizeTableView;
				PRODUCT_NAME = "$(TARGET_NAME)";
			};
			name = Release;
		};
/* End XCBuildConfiguration section */

/* Begin XCConfigurationList section */
		1C276C711E6A9E8C00564017 /* Build configuration list for PBXProject "OptimizeTableView" */ = {
			isa = XCConfigurationList;
			buildConfigurations = (
				1C276C8B1E6A9E8C00564017 /* Debug */,
				1C276C8C1E6A9E8C00564017 /* Release */,
			);
			defaultConfigurationIsVisible = 0;
			defaultConfigurationName = Release;
		};
		1C276C8D1E6A9E8C00564017 /* Build configuration list for PBXNativeTarget "OptimizeTableView" */ = {
			isa = XCConfigurationList;
			buildConfigurations = (
				1C276C8E1E6A9E8C00564017 /* Debug */,
				1C276C8F1E6A9E8C00564017 /* Release */,
			);
			defaultConfigurationIsVisible = 0;
		};
/* End XCConfigurationList section */
	};
	rootObject = 1C276C6E1E6A9E8C00564017 /* Project object */;
}
